// !$*UTF8*$!
{
	archiveVersion = 1;
	classes = {
	};
	objectVersion = 45;
	objects = {

/* Begin PBXBuildFile section */
		8DD76FAC0486AB0100D96B5E /* Ch9_Problem5_main.c in Sources */ = {isa = PBXBuildFile; fileRef = 08FB7796FE84155DC02AAC07 /* Ch9_Problem5_main.c */; settings = {ATTRIBUTES = (); }; };
		8DD76FB00486AB0100D96B5E /* Ch9_Problem5.1 in CopyFiles */ = {isa = PBXBuildFile; fileRef = C6A0FF2C0290799A04C91782 /* Ch9_Problem5.1 */; };
		A5FC034215CD9C4E00B85A02 /* Ch9_Problem5_linked.c in Sources */ = {isa = PBXBuildFile; fileRef = A5FC034115CD9C4E00B85A02 /* Ch9_Problem5_linked.c */; };
		A5FC035C15CDB14000B85A02 /* libipv4address.h in Headers */ = {isa = PBXBuildFile; fileRef = A5FC033B15CD9B1900B85A02 /* libipv4address.h */; };
		A5FC035D15CDB14700B85A02 /* libipv4address.h in Sources */ = {isa = PBXBuildFile; fileRef = A5FC033B15CD9B1900B85A02 /* libipv4address.h */; };
		A5FC035E15CDB14700B85A02 /* libipv4address.c in Sources */ = {isa = PBXBuildFile; fileRef = A5FC033C15CD9B1900B85A02 /* libipv4address.c */; };
		A5FC036815CDB18600B85A02 /* libipv4address.h in Headers */ = {isa = PBXBuildFile; fileRef = A5FC033B15CD9B1900B85A02 /* libipv4address.h */; };
		A5FC036915CDB18900B85A02 /* libipv4address.h in Sources */ = {isa = PBXBuildFile; fileRef = A5FC033B15CD9B1900B85A02 /* libipv4address.h */; };
		A5FC036A15CDB18900B85A02 /* libipv4address.c in Sources */ = {isa = PBXBuildFile; fileRef = A5FC033C15CD9B1900B85A02 /* libipv4address.c */; };
		A5FC038215CDB1F100B85A02 /* Ch9_Problem5_linked.c in Sources */ = {isa = PBXBuildFile; fileRef = A5FC034115CD9C4E00B85A02 /* Ch9_Problem5_linked.c */; };
		A5FC038615CDB20C00B85A02 /* libipv4address.h in Headers */ = {isa = PBXBuildFile; fileRef = A5FC033B15CD9B1900B85A02 /* libipv4address.h */; };
		A5FC038715CDB21A00B85A02 /* libipv4address.dylib in Frameworks */ = {isa = PBXBuildFile; fileRef = A5FC034A15CD9CA700B85A02 /* libipv4address.dylib */; };
		A5FC038815CDB21A00B85A02 /* libipv4address.a in Frameworks */ = {isa = PBXBuildFile; fileRef = A5FC036515CDB15B00B85A02 /* libipv4address.a */; };
/* End PBXBuildFile section */

/* Begin PBXContainerItemProxy section */
		A5FC037515CDB1D200B85A02 /* PBXContainerItemProxy */ = {
			isa = PBXContainerItemProxy;
			containerPortal = 08FB7793FE84155DC02AAC07 /* Project object */;
			proxyType = 1;
			remoteGlobalIDString = A5FC034915CD9CA700B85A02 /* libipv4address_dynamic */;
			remoteInfo = libipv4address_dynamic;
		};
		A5FC037715CDB1D600B85A02 /* PBXContainerItemProxy */ = {
			isa = PBXContainerItemProxy;
			containerPortal = 08FB7793FE84155DC02AAC07 /* Project object */;
			proxyType = 1;
			remoteGlobalIDString = A5FC036415CDB15B00B85A02 /* libipv4address_static */;
			remoteInfo = libipv4address_static;
		};
/* End PBXContainerItemProxy section */

/* Begin PBXCopyFilesBuildPhase section */
		8DD76FAF0486AB0100D96B5E /* CopyFiles */ = {
			isa = PBXCopyFilesBuildPhase;
			buildActionMask = 8;
			dstPath = /usr/share/man/man1/;
			dstSubfolderSpec = 0;
			files = (
				8DD76FB00486AB0100D96B5E /* Ch9_Problem5.1 in CopyFiles */,
			);
			runOnlyForDeploymentPostprocessing = 1;
		};
/* End PBXCopyFilesBuildPhase section */

/* Begin PBXFileReference section */
		08FB7796FE84155DC02AAC07 /* Ch9_Problem5_main.c */ = {isa = PBXFileReference; fileEncoding = 4; lastKnownFileType = sourcecode.c.c; path = Ch9_Problem5_main.c; sourceTree = "<group>"; };
		8DD76FB20486AB0100D96B5E /* Ch9_Problem5 */ = {isa = PBXFileReference; explicitFileType = "compiled.mach-o.executable"; includeInIndex = 0; path = Ch9_Problem5; sourceTree = BUILT_PRODUCTS_DIR; };
		A5FC033B15CD9B1900B85A02 /* libipv4address.h */ = {isa = PBXFileReference; fileEncoding = 4; lastKnownFileType = sourcecode.c.h; path = libipv4address.h; sourceTree = "<group>"; };
		A5FC033C15CD9B1900B85A02 /* libipv4address.c */ = {isa = PBXFileReference; fileEncoding = 4; lastKnownFileType = sourcecode.c.c; path = libipv4address.c; sourceTree = "<group>"; };
		A5FC034115CD9C4E00B85A02 /* Ch9_Problem5_linked.c */ = {isa = PBXFileReference; fileEncoding = 4; lastKnownFileType = sourcecode.c.c; path = Ch9_Problem5_linked.c; sourceTree = "<group>"; };
		A5FC034A15CD9CA700B85A02 /* libipv4address.dylib */ = {isa = PBXFileReference; explicitFileType = "compiled.mach-o.dylib"; includeInIndex = 0; path = libipv4address.dylib; sourceTree = BUILT_PRODUCTS_DIR; };
		A5FC036515CDB15B00B85A02 /* libipv4address.a */ = {isa = PBXFileReference; explicitFileType = archive.ar; includeInIndex = 0; path = libipv4address.a; sourceTree = BUILT_PRODUCTS_DIR; };
		A5FC037115CDB1B900B85A02 /* Ch9_Problem5_linked */ = {isa = PBXFileReference; explicitFileType = "compiled.mach-o.executable"; includeInIndex = 0; path = Ch9_Problem5_linked; sourceTree = BUILT_PRODUCTS_DIR; };
		C6A0FF2C0290799A04C91782 /* Ch9_Problem5.1 */ = {isa = PBXFileReference; lastKnownFileType = text.man; path = Ch9_Problem5.1; sourceTree = "<group>"; };
/* End PBXFileReference section */

/* Begin PBXFrameworksBuildPhase section */
		8DD76FAD0486AB0100D96B5E /* Frameworks */ = {
			isa = PBXFrameworksBuildPhase;
			buildActionMask = 2147483647;
			files = (
			);
			runOnlyForDeploymentPostprocessing = 0;
		};
		A5FC034815CD9CA700B85A02 /* Frameworks */ = {
			isa = PBXFrameworksBuildPhase;
			buildActionMask = 2147483647;
			files = (
			);
			runOnlyForDeploymentPostprocessing = 0;
		};
		A5FC036315CDB15B00B85A02 /* Frameworks */ = {
			isa = PBXFrameworksBuildPhase;
			buildActionMask = 2147483647;
			files = (
			);
			runOnlyForDeploymentPostprocessing = 0;
		};
		A5FC036F15CDB1B900B85A02 /* Frameworks */ = {
			isa = PBXFrameworksBuildPhase;
			buildActionMask = 2147483647;
			files = (
				A5FC038715CDB21A00B85A02 /* libipv4address.dylib in Frameworks */,
				A5FC038815CDB21A00B85A02 /* libipv4address.a in Frameworks */,
			);
			runOnlyForDeploymentPostprocessing = 0;
		};
/* End PBXFrameworksBuildPhase section */

/* Begin PBXGroup section */
		08FB7794FE84155DC02AAC07 /* Ch9_Problem5 */ = {
			isa = PBXGroup;
			children = (
				08FB7795FE84155DC02AAC07 /* Source */,
				C6A0FF2B0290797F04C91782 /* Documentation */,
				1AB674ADFE9D54B511CA2CBB /* Products */,
			);
			name = Ch9_Problem5;
			sourceTree = "<group>";
		};
		08FB7795FE84155DC02AAC07 /* Source */ = {
			isa = PBXGroup;
			children = (
				A5FC033815CD9AF400B85A02 /* libipv4address */,
				08FB7796FE84155DC02AAC07 /* Ch9_Problem5_main.c */,
				A5FC034115CD9C4E00B85A02 /* Ch9_Problem5_linked.c */,
			);
			name = Source;
			sourceTree = "<group>";
		};
		1AB674ADFE9D54B511CA2CBB /* Products */ = {
			isa = PBXGroup;
			children = (
				8DD76FB20486AB0100D96B5E /* Ch9_Problem5 */,
				A5FC034A15CD9CA700B85A02 /* libipv4address.dylib */,
				A5FC036515CDB15B00B85A02 /* libipv4address.a */,
				A5FC037115CDB1B900B85A02 /* Ch9_Problem5_linked */,
			);
			name = Products;
			sourceTree = "<group>";
		};
		A5FC033815CD9AF400B85A02 /* libipv4address */ = {
			isa = PBXGroup;
			children = (
				A5FC033B15CD9B1900B85A02 /* libipv4address.h */,
				A5FC033C15CD9B1900B85A02 /* libipv4address.c */,
			);
			name = libipv4address;
			sourceTree = "<group>";
		};
		C6A0FF2B0290797F04C91782 /* Documentation */ = {
			isa = PBXGroup;
			children = (
				C6A0FF2C0290799A04C91782 /* Ch9_Problem5.1 */,
			);
			name = Documentation;
			sourceTree = "<group>";
		};
/* End PBXGroup section */

/* Begin PBXHeadersBuildPhase section */
		A5FC034615CD9CA700B85A02 /* Headers */ = {
			isa = PBXHeadersBuildPhase;
			buildActionMask = 2147483647;
			files = (
				A5FC035C15CDB14000B85A02 /* libipv4address.h in Headers */,
			);
			runOnlyForDeploymentPostprocessing = 0;
		};
		A5FC036115CDB15B00B85A02 /* Headers */ = {
			isa = PBXHeadersBuildPhase;
			buildActionMask = 2147483647;
			files = (
				A5FC036815CDB18600B85A02 /* libipv4address.h in Headers */,
			);
			runOnlyForDeploymentPostprocessing = 0;
		};
		A5FC039015CDB23000B85A02 /* Headers */ = {
			isa = PBXHeadersBuildPhase;
			buildActionMask = 2147483647;
			files = (
				A5FC038615CDB20C00B85A02 /* libipv4address.h in Headers */,
			);
			runOnlyForDeploymentPostprocessing = 0;
		};
/* End PBXHeadersBuildPhase section */

/* Begin PBXNativeTarget section */
		8DD76FA90486AB0100D96B5E /* Ch9_Problem5 */ = {
			isa = PBXNativeTarget;
			buildConfigurationList = 1DEB928508733DD80010E9CD /* Build configuration list for PBXNativeTarget "Ch9_Problem5" */;
			buildPhases = (
				8DD76FAB0486AB0100D96B5E /* Sources */,
				8DD76FAD0486AB0100D96B5E /* Frameworks */,
				8DD76FAF0486AB0100D96B5E /* CopyFiles */,
			);
			buildRules = (
			);
			dependencies = (
			);
			name = Ch9_Problem5;
			productInstallPath = "$(HOME)/bin";
			productName = Ch9_Problem5;
			productReference = 8DD76FB20486AB0100D96B5E /* Ch9_Problem5 */;
			productType = "com.apple.product-type.tool";
		};
		A5FC034915CD9CA700B85A02 /* libipv4address_dynamic */ = {
			isa = PBXNativeTarget;
			buildConfigurationList = A5FC035B15CD9CCA00B85A02 /* Build configuration list for PBXNativeTarget "libipv4address_dynamic" */;
			buildPhases = (
				A5FC034615CD9CA700B85A02 /* Headers */,
				A5FC034715CD9CA700B85A02 /* Sources */,
				A5FC034815CD9CA700B85A02 /* Frameworks */,
			);
			buildRules = (
			);
			dependencies = (
			);
			name = libipv4address_dynamic;
			productName = libipv4address_dynamic;
			productReference = A5FC034A15CD9CA700B85A02 /* libipv4address.dylib */;
			productType = "com.apple.product-type.library.dynamic";
		};
		A5FC036415CDB15B00B85A02 /* libipv4address_static */ = {
			isa = PBXNativeTarget;
			buildConfigurationList = A5FC036D15CDB1AA00B85A02 /* Build configuration list for PBXNativeTarget "libipv4address_static" */;
			buildPhases = (
				A5FC036115CDB15B00B85A02 /* Headers */,
				A5FC036215CDB15B00B85A02 /* Sources */,
				A5FC036315CDB15B00B85A02 /* Frameworks */,
			);
			buildRules = (
			);
			dependencies = (
			);
			name = libipv4address_static;
			productName = libipv4address_static;
			productReference = A5FC036515CDB15B00B85A02 /* libipv4address.a */;
			productType = "com.apple.product-type.library.static";
		};
		A5FC037015CDB1B900B85A02 /* Ch9_Problem5_linked */ = {
			isa = PBXNativeTarget;
			buildConfigurationList = A5FC039115CDB23000B85A02 /* Build configuration list for PBXNativeTarget "Ch9_Problem5_linked" */;
			buildPhases = (
				A5FC039015CDB23000B85A02 /* Headers */,
				A5FC036E15CDB1B900B85A02 /* Sources */,
				A5FC036F15CDB1B900B85A02 /* Frameworks */,
			);
			buildRules = (
			);
			dependencies = (
				A5FC037615CDB1D200B85A02 /* PBXTargetDependency */,
				A5FC037815CDB1D600B85A02 /* PBXTargetDependency */,
			);
			name = Ch9_Problem5_linked;
			productName = Ch9_Problem5_linked;
			productReference = A5FC037115CDB1B900B85A02 /* Ch9_Problem5_linked */;
			productType = "com.apple.product-type.tool";
		};
/* End PBXNativeTarget section */

/* Begin PBXProject section */
		08FB7793FE84155DC02AAC07 /* Project object */ = {
			isa = PBXProject;
			buildConfigurationList = 1DEB928908733DD80010E9CD /* Build configuration list for PBXProject "Ch9_Problem5" */;
			compatibilityVersion = "Xcode 3.1";
			developmentRegion = English;
			hasScannedForEncodings = 1;
			knownRegions = (
				English,
				Japanese,
				French,
				German,
			);
			mainGroup = 08FB7794FE84155DC02AAC07 /* Ch9_Problem5 */;
			projectDirPath = "";
			projectRoot = "";
			targets = (
				8DD76FA90486AB0100D96B5E /* Ch9_Problem5 */,
				A5FC034915CD9CA700B85A02 /* libipv4address_dynamic */,
				A5FC036415CDB15B00B85A02 /* libipv4address_static */,
				A5FC037015CDB1B900B85A02 /* Ch9_Problem5_linked */,
			);
		};
/* End PBXProject section */

/* Begin PBXSourcesBuildPhase section */
		8DD76FAB0486AB0100D96B5E /* Sources */ = {
			isa = PBXSourcesBuildPhase;
			buildActionMask = 2147483647;
			files = (
				8DD76FAC0486AB0100D96B5E /* Ch9_Problem5_main.c in Sources */,
				A5FC034215CD9C4E00B85A02 /* Ch9_Problem5_linked.c in Sources */,
			);
			runOnlyForDeploymentPostprocessing = 0;
		};
		A5FC034715CD9CA700B85A02 /* Sources */ = {
			isa = PBXSourcesBuildPhase;
			buildActionMask = 2147483647;
			files = (
				A5FC035D15CDB14700B85A02 /* libipv4address.h in Sources */,
				A5FC035E15CDB14700B85A02 /* libipv4address.c in Sources */,
			);
			runOnlyForDeploymentPostprocessing = 0;
		};
		A5FC036215CDB15B00B85A02 /* Sources */ = {
			isa = PBXSourcesBuildPhase;
			buildActionMask = 2147483647;
			files = (
				A5FC036915CDB18900B85A02 /* libipv4address.h in Sources */,
				A5FC036A15CDB18900B85A02 /* libipv4address.c in Sources */,
			);
			runOnlyForDeploymentPostprocessing = 0;
		};
		A5FC036E15CDB1B900B85A02 /* Sources */ = {
			isa = PBXSourcesBuildPhase;
			buildActionMask = 2147483647;
			files = (
				A5FC038215CDB1F100B85A02 /* Ch9_Problem5_linked.c in Sources */,
			);
			runOnlyForDeploymentPostprocessing = 0;
		};
/* End PBXSourcesBuildPhase section */

/* Begin PBXTargetDependency section */
		A5FC037615CDB1D200B85A02 /* PBXTargetDependency */ = {
			isa = PBXTargetDependency;
			target = A5FC034915CD9CA700B85A02 /* libipv4address_dynamic */;
			targetProxy = A5FC037515CDB1D200B85A02 /* PBXContainerItemProxy */;
		};
		A5FC037815CDB1D600B85A02 /* PBXTargetDependency */ = {
			isa = PBXTargetDependency;
			target = A5FC036415CDB15B00B85A02 /* libipv4address_static */;
			targetProxy = A5FC037715CDB1D600B85A02 /* PBXContainerItemProxy */;
		};
/* End PBXTargetDependency section */

/* Begin XCBuildConfiguration section */
		1DEB928608733DD80010E9CD /* Debug */ = {
			isa = XCBuildConfiguration;
			buildSettings = {
				ALWAYS_SEARCH_USER_PATHS = NO;
				COPY_PHASE_STRIP = NO;
				GCC_DYNAMIC_NO_PIC = NO;
				GCC_ENABLE_FIX_AND_CONTINUE = YES;
				GCC_MODEL_TUNING = G5;
				GCC_OPTIMIZATION_LEVEL = 0;
				INSTALL_PATH = /usr/local/bin;
				PRODUCT_NAME = Ch9_Problem5;
			};
			name = Debug;
		};
		1DEB928708733DD80010E9CD /* Release */ = {
			isa = XCBuildConfiguration;
			buildSettings = {
				ALWAYS_SEARCH_USER_PATHS = NO;
				DEBUG_INFORMATION_FORMAT = "dwarf-with-dsym";
				GCC_MODEL_TUNING = G5;
				INSTALL_PATH = /usr/local/bin;
				PRODUCT_NAME = Ch9_Problem5;
			};
			name = Release;
		};
		1DEB928A08733DD80010E9CD /* Debug */ = {
			isa = XCBuildConfiguration;
			buildSettings = {
				ARCHS = "$(ARCHS_STANDARD_32_64_BIT)";
				DEBUG_INFORMATION_FORMAT = "dwarf-with-dsym";
				ENABLE_OPENMP_SUPPORT = YES;
				GCC_ALTIVEC_EXTENSIONS = YES;
				GCC_AUTO_VECTORIZATION = YES;
				GCC_C_LANGUAGE_STANDARD = gnu99;
				GCC_ENABLE_EXCEPTIONS = YES;
				GCC_ENABLE_FIX_AND_CONTINUE = YES;
				GCC_ENABLE_OBJC_GC = supported;
				GCC_ENABLE_SSE3_EXTENSIONS = YES;
				GCC_ENABLE_SSE41_EXTENSIONS = YES;
				GCC_ENABLE_SSE42_EXTENSIONS = YES;
				GCC_ENABLE_SUPPLEMENTAL_SSE3_INSTRUCTIONS = YES;
				GCC_ENABLE_TRIGRAPHS = YES;
				GCC_INCREASE_PRECOMPILED_HEADER_SHARING = YES;
				GCC_OPTIMIZATION_LEVEL = 0;
				GCC_PRECOMPILE_PREFIX_HEADER = YES;
				GCC_WARN_64_TO_32_BIT_CONVERSION = YES;
				GCC_WARN_ABOUT_GLOBAL_CONSTRUCTORS = YES;
				GCC_WARN_ABOUT_MISSING_FIELD_INITIALIZERS = YES;
				GCC_WARN_ABOUT_MISSING_NEWLINE = YES;
				GCC_WARN_ABOUT_MISSING_PROTOTYPES = YES;
				GCC_WARN_ABOUT_RETURN_TYPE = YES;
				GCC_WARN_CHECK_SWITCH_STATEMENTS = YES;
				GCC_WARN_EFFECTIVE_CPLUSPLUS_VIOLATIONS = YES;
				GCC_WARN_FOUR_CHARACTER_CONSTANTS = YES;
				GCC_WARN_HIDDEN_VIRTUAL_FUNCTIONS = YES;
				GCC_WARN_INITIALIZER_NOT_FULLY_BRACKETED = YES;
				GCC_WARN_MISSING_PARENTHESES = YES;
				GCC_WARN_MULTIPLE_DEFINITION_TYPES_FOR_SELECTOR = YES;
				GCC_WARN_NON_VIRTUAL_DESTRUCTOR = YES;
				GCC_WARN_PEDANTIC = YES;
				GCC_WARN_PROTOTYPE_CONVERSION = YES;
				GCC_WARN_SHADOW = YES;
				GCC_WARN_SIGN_COMPARE = YES;
				GCC_WARN_STRICT_SELECTOR_MATCH = YES;
				GCC_WARN_UNDECLARED_SELECTOR = YES;
				GCC_WARN_UNKNOWN_PRAGMAS = YES;
				GCC_WARN_UNUSED_FUNCTION = YES;
				GCC_WARN_UNUSED_LABEL = YES;
				GCC_WARN_UNUSED_PARAMETER = YES;
				GCC_WARN_UNUSED_VALUE = YES;
				GCC_WARN_UNUSED_VARIABLE = YES;
				GENERATE_PKGINFO_FILE = YES;
				GENERATE_PROFILING_CODE = YES;
				LD_GENERATE_MAP_FILE = YES;
				ONLY_ACTIVE_ARCH = YES;
				PREBINDING = NO;
				RUN_CLANG_STATIC_ANALYZER = YES;
				SCAN_ALL_SOURCE_FILES_FOR_INCLUDES = YES;
				SDKROOT = macosx10.6;
				VALIDATE_PRODUCT = YES;
			};
			name = Debug;
		};
		1DEB928B08733DD80010E9CD /* Release */ = {
			isa = XCBuildConfiguration;
			buildSettings = {
				ARCHS = "$(ARCHS_STANDARD_32_64_BIT)";
				GCC_C_LANGUAGE_STANDARD = gnu99;
				GCC_WARN_ABOUT_RETURN_TYPE = YES;
				GCC_WARN_UNUSED_VARIABLE = YES;
				PREBINDING = NO;
				SDKROOT = macosx10.6;
			};
			name = Release;
		};
		A5FC034B15CD9CA900B85A02 /* Debug */ = {
			isa = XCBuildConfiguration;
			buildSettings = {
				ALWAYS_SEARCH_USER_PATHS = NO;
				COPY_PHASE_STRIP = NO;
				GCC_DYNAMIC_NO_PIC = NO;
				GCC_ENABLE_FIX_AND_CONTINUE = YES;
				GCC_MODEL_TUNING = G5;
				GCC_OPTIMIZATION_LEVEL = 0;
				INSTALL_PATH = /usr/local/lib;
				PREBINDING = NO;
				PRODUCT_NAME = libipv4address;
			};
			name = Debug;
		};
		A5FC034C15CD9CA900B85A02 /* Release */ = {
			isa = XCBuildConfiguration;
			buildSettings = {
				ALWAYS_SEARCH_USER_PATHS = NO;
				COPY_PHASE_STRIP = YES;
				DEBUG_INFORMATION_FORMAT = "dwarf-with-dsym";
				EXECUTABLE_PREFIX = lib;
				GCC_ENABLE_FIX_AND_CONTINUE = NO;
				GCC_MODEL_TUNING = G5;
				INSTALL_PATH = /usr/local/lib;
				PREBINDING = NO;
				PRODUCT_NAME = libipv4address_dynamic;
				ZERO_LINK = NO;
			};
			name = Release;
		};
		A5FC036615CDB15C00B85A02 /* Debug */ = {
			isa = XCBuildConfiguration;
			buildSettings = {
				ALWAYS_SEARCH_USER_PATHS = NO;
				COPY_PHASE_STRIP = NO;
				EXECUTABLE_PREFIX = "";
				GCC_DYNAMIC_NO_PIC = NO;
				GCC_ENABLE_FIX_AND_CONTINUE = YES;
				GCC_MODEL_TUNING = G5;
				GCC_OPTIMIZATION_LEVEL = 0;
				INSTALL_PATH = /usr/local/lib;
				PREBINDING = NO;
				PRODUCT_NAME = libipv4address;
			};
			name = Debug;
		};
		A5FC036715CDB15C00B85A02 /* Release */ = {
			isa = XCBuildConfiguration;
			buildSettings = {
				ALWAYS_SEARCH_USER_PATHS = NO;
				COPY_PHASE_STRIP = YES;
				DEBUG_INFORMATION_FORMAT = "dwarf-with-dsym";
				GCC_ENABLE_FIX_AND_CONTINUE = NO;
				GCC_MODEL_TUNING = G5;
				INSTALL_PATH = /usr/local/lib;
				PREBINDING = NO;
				PRODUCT_NAME = libipv4address_static;
				ZERO_LINK = NO;
			};
			name = Release;
		};
		A5FC037315CDB1BA00B85A02 /* Debug */ = {
			isa = XCBuildConfiguration;
			buildSettings = {
				ALWAYS_SEARCH_USER_PATHS = NO;
				COPY_PHASE_STRIP = NO;
				GCC_DYNAMIC_NO_PIC = NO;
				GCC_ENABLE_FIX_AND_CONTINUE = YES;
				GCC_MODEL_TUNING = G5;
				GCC_OPTIMIZATION_LEVEL = 0;
				INSTALL_PATH = /usr/local/bin;
				MACH_O_TYPE = mh_execute;
				PREBINDING = NO;
				PRODUCT_NAME = Ch9_Problem5_linked;
			};
			name = Debug;
		};
		A5FC037415CDB1BA00B85A02 /* Release */ = {
			isa = XCBuildConfiguration;
			buildSettings = {
				ALWAYS_SEARCH_USER_PATHS = NO;
				COPY_PHASE_STRIP = YES;
				DEBUG_INFORMATION_FORMAT = "dwarf-with-dsym";
				GCC_ENABLE_FIX_AND_CONTINUE = NO;
				GCC_MODEL_TUNING = G5;
				INSTALL_PATH = /usr/local/bin;
				PREBINDING = NO;
				PRODUCT_NAME = Ch9_Problem5_linked;
				ZERO_LINK = NO;
			};
			name = Release;
		};
/* End XCBuildConfiguration section */

/* Begin XCConfigurationList section */
		1DEB928508733DD80010E9CD /* Build configuration list for PBXNativeTarget "Ch9_Problem5" */ = {
			isa = XCConfigurationList;
			buildConfigurations = (
				1DEB928608733DD80010E9CD /* Debug */,
				1DEB928708733DD80010E9CD /* Release */,
			);
			defaultConfigurationIsVisible = 0;
			defaultConfigurationName = Release;
		};
		1DEB928908733DD80010E9CD /* Build configuration list for PBXProject "Ch9_Problem5" */ = {
			isa = XCConfigurationList;
			buildConfigurations = (
				1DEB928A08733DD80010E9CD /* Debug */,
				1DEB928B08733DD80010E9CD /* Release */,
			);
			defaultConfigurationIsVisible = 0;
			defaultConfigurationName = Release;
		};
		A5FC035B15CD9CCA00B85A02 /* Build configuration list for PBXNativeTarget "libipv4address_dynamic" */ = {
			isa = XCConfigurationList;
			buildConfigurations = (
				A5FC034B15CD9CA900B85A02 /* Debug */,
				A5FC034C15CD9CA900B85A02 /* Release */,
			);
			defaultConfigurationIsVisible = 0;
			defaultConfigurationName = Release;
		};
		A5FC036D15CDB1AA00B85A02 /* Build configuration list for PBXNativeTarget "libipv4address_static" */ = {
			isa = XCConfigurationList;
			buildConfigurations = (
				A5FC036615CDB15C00B85A02 /* Debug */,
				A5FC036715CDB15C00B85A02 /* Release */,
			);
			defaultConfigurationIsVisible = 0;
			defaultConfigurationName = Release;
		};
		A5FC039115CDB23000B85A02 /* Build configuration list for PBXNativeTarget "Ch9_Problem5_linked" */ = {
			isa = XCConfigurationList;
			buildConfigurations = (
				A5FC037315CDB1BA00B85A02 /* Debug */,
				A5FC037415CDB1BA00B85A02 /* Release */,
			);
			defaultConfigurationIsVisible = 0;
			defaultConfigurationName = Release;
		};
/* End XCConfigurationList section */
	};
	rootObject = 08FB7793FE84155DC02AAC07 /* Project object */;
}
